
Microsoft Visual Studio Solution File, Format Version 12.00
# Visual Studio Version 17
VisualStudioVersion = 17.12.35506.116
MinimumVisualStudioVersion = 10.0.40219.1
Project("{FAE04EC0-301F-11D3-BF4B-00C04F79EFBC}") = "Api", "Api\Api.csproj", "{BCA1E86E-F7DF-4C40-88B2-2211C10A4CAB}"
EndProject
Project("{FAE04EC0-301F-11D3-BF4B-00C04F79EFBC}") = "Application", "Application\Application.csproj", "{D268E39E-6741-49CE-B875-140B6075E6BA}"
EndProject
Project("{FAE04EC0-301F-11D3-BF4B-00C04F79EFBC}") = "Domain", "Domain\Domain.csproj", "{55787F81-F4E0-4DE2-89AA-B3133134B6F2}"
EndProject
Project("{FAE04EC0-301F-11D3-BF4B-00C04F79EFBC}") = "Infrastructure", "Infrastructure\Infrastructure.csproj", "{0681D982-8112-4AD9-B921-36453364EABD}"
EndProject
Project("{FAE04EC0-301F-11D3-BF4B-00C04F79EFBC}") = "BookingApi.IntegrationTests", "BookingApi.IntegrationTests\BookingApi.IntegrationTests.csproj", "{0016E848-3FDF-463B-94A3-E859D937123E}"
EndProject
Global
	GlobalSection(SolutionConfigurationPlatforms) = preSolution
		Debug|Any CPU = Debug|Any CPU
		Release|Any CPU = Release|Any CPU
	EndGlobalSection
	GlobalSection(ProjectConfigurationPlatforms) = postSolution
		{BCA1E86E-F7DF-4C40-88B2-2211C10A4CAB}.Debug|Any CPU.ActiveCfg = Debug|Any CPU
		{BCA1E86E-F7DF-4C40-88B2-2211C10A4CAB}.Debug|Any CPU.Build.0 = Debug|Any CPU
		{BCA1E86E-F7DF-4C40-88B2-2211C10A4CAB}.Release|Any CPU.ActiveCfg = Release|Any CPU
		{BCA1E86E-F7DF-4C40-88B2-2211C10A4CAB}.Release|Any CPU.Build.0 = Release|Any CPU
		{D268E39E-6741-49CE-B875-140B6075E6BA}.Debug|Any CPU.ActiveCfg = Debug|Any CPU
		{D268E39E-6741-49CE-B875-140B6075E6BA}.Debug|Any CPU.Build.0 = Debug|Any CPU
		{D268E39E-6741-49CE-B875-140B6075E6BA}.Release|Any CPU.ActiveCfg = Release|Any CPU
		{D268E39E-6741-49CE-B875-140B6075E6BA}.Release|Any CPU.Build.0 = Release|Any CPU
		{55787F81-F4E0-4DE2-89AA-B3133134B6F2}.Debug|Any CPU.ActiveCfg = Debug|Any CPU
		{55787F81-F4E0-4DE2-89AA-B3133134B6F2}.Debug|Any CPU.Build.0 = Debug|Any CPU
		{55787F81-F4E0-4DE2-89AA-B3133134B6F2}.Release|Any CPU.ActiveCfg = Release|Any CPU
		{55787F81-F4E0-4DE2-89AA-B3133134B6F2}.Release|Any CPU.Build.0 = Release|Any CPU
		{0681D982-8112-4AD9-B921-36453364EABD}.Debug|Any CPU.ActiveCfg = Debug|Any CPU
		{0681D982-8112-4AD9-B921-36453364EABD}.Debug|Any CPU.Build.0 = Debug|Any CPU
		{0681D982-8112-4AD9-B921-36453364EABD}.Release|Any CPU.ActiveCfg = Release|Any CPU
		{0681D982-8112-4AD9-B921-36453364EABD}.Release|Any CPU.Build.0 = Release|Any CPU
		{0016E848-3FDF-463B-94A3-E859D937123E}.Debug|Any CPU.ActiveCfg = Debug|Any CPU
		{0016E848-3FDF-463B-94A3-E859D937123E}.Debug|Any CPU.Build.0 = Debug|Any CPU
		{0016E848-3FDF-463B-94A3-E859D937123E}.Release|Any CPU.ActiveCfg = Release|Any CPU
		{0016E848-3FDF-463B-94A3-E859D937123E}.Release|Any CPU.Build.0 = Release|Any CPU
	EndGlobalSection
	GlobalSection(SolutionProperties) = preSolution
		HideSolutionNode = FALSE
	EndGlobalSection
EndGlobal
